
Microsoft Visual Studio Solution File, Format Version 12.00
# Visual Studio 2013
VisualStudioVersion = 12.0.31101.0
MinimumVisualStudioVersion = 10.0.40219.1
Project("{FAE04EC0-301F-11D3-BF4B-00C04F79EFBC}") = "AbcConstruction", "AbcConstruction\AbcConstruction.csproj", "{03E713D4-85D0-4D5D-9F75-16A6C160F22C}"
EndProject
Global
	GlobalSection(SolutionConfigurationPlatforms) = preSolution
		Debug|Any CPU = Debug|Any CPU
		Release|Any CPU = Release|Any CPU
	EndGlobalSection
	GlobalSection(ProjectConfigurationPlatforms) = postSolution
		{03E713D4-85D0-4D5D-9F75-16A6C160F22C}.Debug|Any CPU.ActiveCfg = Debug|Any CPU
		{03E713D4-85D0-4D5D-9F75-16A6C160F22C}.Debug|Any CPU.Build.0 = Debug|Any CPU
		{03E713D4-85D0-4D5D-9F75-16A6C160F22C}.Release|Any CPU.ActiveCfg = Release|Any CPU
		{03E713D4-85D0-4D5D-9F75-16A6C160F22C}.Release|Any CPU.Build.0 = Release|Any CPU
	EndGlobalSection
	GlobalSection(SolutionProperties) = preSolution
		HideSolutionNode = FALSE
	EndGlobalSection
EndGlobal
