
Microsoft Visual Studio Solution File, Format Version 12.00
# Visual Studio 2013
VisualStudioVersion = 12.0.31101.0
MinimumVisualStudioVersion = 10.0.40219.1
Project("{F14B399A-7131-4C87-9E4B-1186C45EF12D}") = "Report Project1", "Report Project1\Report Project1.rptproj", "{977B819C-898C-4FC4-AAD5-D630DE05C644}"
EndProject
Global
	GlobalSection(SolutionConfigurationPlatforms) = preSolution
		Debug|Default = Debug|Default
		DebugLocal|Default = DebugLocal|Default
		Release|Default = Release|Default
	EndGlobalSection
	GlobalSection(ProjectConfigurationPlatforms) = postSolution
		{977B819C-898C-4FC4-AAD5-D630DE05C644}.Debug|Default.ActiveCfg = Debug
		{977B819C-898C-4FC4-AAD5-D630DE05C644}.Debug|Default.Build.0 = Debug
		{977B819C-898C-4FC4-AAD5-D630DE05C644}.Debug|Default.Deploy.0 = Debug
		{977B819C-898C-4FC4-AAD5-D630DE05C644}.DebugLocal|Default.ActiveCfg = DebugLocal
		{977B819C-898C-4FC4-AAD5-D630DE05C644}.DebugLocal|Default.Build.0 = DebugLocal
		{977B819C-898C-4FC4-AAD5-D630DE05C644}.Release|Default.ActiveCfg = Release
		{977B819C-898C-4FC4-AAD5-D630DE05C644}.Release|Default.Build.0 = Release
		{977B819C-898C-4FC4-AAD5-D630DE05C644}.Release|Default.Deploy.0 = Release
	EndGlobalSection
	GlobalSection(SolutionProperties) = preSolution
		HideSolutionNode = FALSE
	EndGlobalSection
EndGlobal
